
Microsoft Visual Studio Solution File, Format Version 12.00
# Visual Studio Version 17
VisualStudioVersion = 17.4.33205.214
MinimumVisualStudioVersion = 10.0.40219.1
Project("{FAE04EC0-301F-11D3-BF4B-00C04F79EFBC}") = "CityInfo.API", "CityInfo.API\CityInfo.API.csproj", "{29658BA3-3961-4D5A-B7B4-3ED3EF10313D}"
EndProject
Global
	GlobalSection(SolutionConfigurationPlatforms) = preSolution
		Debug|Any CPU = Debug|Any CPU
		Release|Any CPU = Release|Any CPU
	EndGlobalSection
	GlobalSection(ProjectConfigurationPlatforms) = postSolution
		{29658BA3-3961-4D5A-B7B4-3ED3EF10313D}.Debug|Any CPU.ActiveCfg = Debug|Any CPU
		{29658BA3-3961-4D5A-B7B4-3ED3EF10313D}.Debug|Any CPU.Build.0 = Debug|Any CPU
		{29658BA3-3961-4D5A-B7B4-3ED3EF10313D}.Release|Any CPU.ActiveCfg = Release|Any CPU
		{29658BA3-3961-4D5A-B7B4-3ED3EF10313D}.Release|Any CPU.Build.0 = Release|Any CPU
	EndGlobalSection
	GlobalSection(SolutionProperties) = preSolution
		HideSolutionNode = FALSE
	EndGlobalSection
	GlobalSection(ExtensibilityGlobals) = postSolution
		SolutionGuid = {F5370456-AB55-4C7C-9B41-AA026069CDFD}
	EndGlobalSection
EndGlobal
